
Microsoft Visual Studio Solution File, Format Version 12.00
# Visual Studio 2013
VisualStudioVersion = 12.0.30501.0
MinimumVisualStudioVersion = 10.0.40219.1
Project("{FAE04EC0-301F-11D3-BF4B-00C04F79EFBC}") = "sportliga.Api", "sportliga.Api\sportliga.Api.csproj", "{B20E4C0F-8960-4AFB-B245-C7B074C2C3F8}"
EndProject
Project("{FAE04EC0-301F-11D3-BF4B-00C04F79EFBC}") = "sportliga.Data", "sportliga.Data\sportliga.Data.csproj", "{22B5EC26-022B-46E1-9D8A-6324AAED65D6}"
EndProject
Project("{FAE04EC0-301F-11D3-BF4B-00C04F79EFBC}") = "sportliga.DataBaseDeployer", "sportliga.DataBaseDeployer\sportliga.DataBaseDeployer.csproj", "{01371F4F-A43C-4E55-9D96-C93099BE8D89}"
EndProject
Project("{FAE04EC0-301F-11D3-BF4B-00C04F79EFBC}") = "sportliga.Domain", "sportliga.Domain\sportliga.Domain.csproj", "{C23C08A6-658D-4EEF-8F76-8DFB2F46DA1A}"
EndProject
Global
	GlobalSection(SolutionConfigurationPlatforms) = preSolution
		Debug|Any CPU = Debug|Any CPU
		Release|Any CPU = Release|Any CPU
	EndGlobalSection
	GlobalSection(ProjectConfigurationPlatforms) = postSolution
		{B20E4C0F-8960-4AFB-B245-C7B074C2C3F8}.Debug|Any CPU.ActiveCfg = Debug|Any CPU
		{B20E4C0F-8960-4AFB-B245-C7B074C2C3F8}.Debug|Any CPU.Build.0 = Debug|Any CPU
		{B20E4C0F-8960-4AFB-B245-C7B074C2C3F8}.Release|Any CPU.ActiveCfg = Release|Any CPU
		{B20E4C0F-8960-4AFB-B245-C7B074C2C3F8}.Release|Any CPU.Build.0 = Release|Any CPU
		{22B5EC26-022B-46E1-9D8A-6324AAED65D6}.Debug|Any CPU.ActiveCfg = Debug|Any CPU
		{22B5EC26-022B-46E1-9D8A-6324AAED65D6}.Debug|Any CPU.Build.0 = Debug|Any CPU
		{22B5EC26-022B-46E1-9D8A-6324AAED65D6}.Release|Any CPU.ActiveCfg = Release|Any CPU
		{22B5EC26-022B-46E1-9D8A-6324AAED65D6}.Release|Any CPU.Build.0 = Release|Any CPU
		{01371F4F-A43C-4E55-9D96-C93099BE8D89}.Debug|Any CPU.ActiveCfg = Debug|Any CPU
		{01371F4F-A43C-4E55-9D96-C93099BE8D89}.Debug|Any CPU.Build.0 = Debug|Any CPU
		{01371F4F-A43C-4E55-9D96-C93099BE8D89}.Release|Any CPU.ActiveCfg = Release|Any CPU
		{01371F4F-A43C-4E55-9D96-C93099BE8D89}.Release|Any CPU.Build.0 = Release|Any CPU
		{C23C08A6-658D-4EEF-8F76-8DFB2F46DA1A}.Debug|Any CPU.ActiveCfg = Debug|Any CPU
		{C23C08A6-658D-4EEF-8F76-8DFB2F46DA1A}.Debug|Any CPU.Build.0 = Debug|Any CPU
		{C23C08A6-658D-4EEF-8F76-8DFB2F46DA1A}.Release|Any CPU.ActiveCfg = Release|Any CPU
		{C23C08A6-658D-4EEF-8F76-8DFB2F46DA1A}.Release|Any CPU.Build.0 = Release|Any CPU
	EndGlobalSection
	GlobalSection(SolutionProperties) = preSolution
		HideSolutionNode = FALSE
	EndGlobalSection
EndGlobal
